PODS:
  - AECoreDataUI (3.0.0)
  - AERecord (3.0.0)
  - GTMNSStringHTMLAdditions (0.2.1)
  - Log (0.5)
  - R.swift (2.3.0):
    - R.swift.Library (~> 2.1.0)
  - R.swift.Library (2.1.0)

DEPENDENCIES:
  - AECoreDataUI
  - AERecord
  - GTMNSStringHTMLAdditions
  - Log
  - R.swift

SPEC CHECKSUMS:
  AECoreDataUI: 984a8167be6617a8f6c29c110807b6d7733de1c9
  AERecord: eb32ea8474dfb46a7df5f7a08bfbd8853f713cfd
  GTMNSStringHTMLAdditions: 4bfc402b1b17165360728083156cae0a74ecb308
  Log: 5972312cb85cffbc56407b612936b610eb4af8a5
  R.swift: 38b2191a603c3d491a09baddfb4ccc7aa9be4d9d
  R.swift.Library: e5e077ed04f6867a95676af491650091b23518e9

PODFILE CHECKSUM: 2445fe8592cca84ae853789a548772b048b30e2a

COCOAPODS: 1.0.0
