// !$*UTF8*$!
{
	archiveVersion = 1;
	classes = {
	};
	objectVersion = 46;
	objects = {

/* Begin PBXBuildFile section */
		5011E12A1CE9CD2600891FB1 /* AppDelegate.swift in Sources */ = {isa = PBXBuildFile; fileRef = 5011E1291CE9CD2600891FB1 /* AppDelegate.swift */; };
		5011E1311CE9CD2600891FB1 /* Main.storyboard in Resources */ = {isa = PBXBuildFile; fileRef = 5011E12F1CE9CD2600891FB1 /* Main.storyboard */; };
		5011E1331CE9CD2600891FB1 /* Assets.xcassets in Resources */ = {isa = PBXBuildFile; fileRef = 5011E1321CE9CD2600891FB1 /* Assets.xcassets */; };
		5011E1361CE9CD2600891FB1 /* LaunchScreen.storyboard in Resources */ = {isa = PBXBuildFile; fileRef = 5011E1341CE9CD2600891FB1 /* LaunchScreen.storyboard */; };
		5011E1411CE9CD2600891FB1 /* ButlerTests.swift in Sources */ = {isa = PBXBuildFile; fileRef = 5011E1401CE9CD2600891FB1 /* ButlerTests.swift */; };
		5011E14C1CE9CD2600891FB1 /* ButlerUITests.swift in Sources */ = {isa = PBXBuildFile; fileRef = 5011E14B1CE9CD2600891FB1 /* ButlerUITests.swift */; };
		5011E15A1CE9CD3D00891FB1 /* ApplicationCoordinator.swift in Sources */ = {isa = PBXBuildFile; fileRef = 5011E1591CE9CD3D00891FB1 /* ApplicationCoordinator.swift */; };
		5011E15C1CE9CED100891FB1 /* TabCoordinator.swift in Sources */ = {isa = PBXBuildFile; fileRef = 5011E15B1CE9CED100891FB1 /* TabCoordinator.swift */; };
		5011E15E1CE9CF5400891FB1 /* SendRequestTabCoordinator.swift in Sources */ = {isa = PBXBuildFile; fileRef = 5011E15D1CE9CF5400891FB1 /* SendRequestTabCoordinator.swift */; };
		5011E1601CE9D06C00891FB1 /* SendRequestViewController.swift in Sources */ = {isa = PBXBuildFile; fileRef = 5011E15F1CE9D06C00891FB1 /* SendRequestViewController.swift */; };
		5081FCB41CEA609500BB7196 /* MultipleButtonSlider.swift in Sources */ = {isa = PBXBuildFile; fileRef = 5081FCB31CEA609500BB7196 /* MultipleButtonSlider.swift */; };
		50B200BD1CE9D9C20075728E /* R.generated.swift in Sources */ = {isa = PBXBuildFile; fileRef = 5011E1681CE9D61F00891FB1 /* R.generated.swift */; };
		50B200C01CE9DA360075728E /* HistoryTabCoordinator.swift in Sources */ = {isa = PBXBuildFile; fileRef = 50B200BF1CE9DA360075728E /* HistoryTabCoordinator.swift */; };
		50B200C21CE9DA450075728E /* FavouriteTabCoordinator.swift in Sources */ = {isa = PBXBuildFile; fileRef = 50B200C11CE9DA450075728E /* FavouriteTabCoordinator.swift */; };
		50B200C41CE9DC2A0075728E /* UITabBarItem+Butler.swift in Sources */ = {isa = PBXBuildFile; fileRef = 50B200C31CE9DC2A0075728E /* UITabBarItem+Butler.swift */; };
		50B200C61CE9DEFF0075728E /* FavouriteViewController.swift in Sources */ = {isa = PBXBuildFile; fileRef = 50B200C51CE9DEFF0075728E /* FavouriteViewController.swift */; };
		50B200C81CE9DF060075728E /* HistoryViewController.swift in Sources */ = {isa = PBXBuildFile; fileRef = 50B200C71CE9DF060075728E /* HistoryViewController.swift */; };
		50B200CA1CE9DF450075728E /* Localizable.strings in Resources */ = {isa = PBXBuildFile; fileRef = 50B200C91CE9DF450075728E /* Localizable.strings */; };
		50B200CE1CE9E3FE0075728E /* Request.swift in Sources */ = {isa = PBXBuildFile; fileRef = 50B200CD1CE9E3FE0075728E /* Request.swift */; };
		50B200D01CE9EDED0075728E /* KeychainHelper.swift in Sources */ = {isa = PBXBuildFile; fileRef = 50B200CF1CE9EDED0075728E /* KeychainHelper.swift */; };
		50B200D21CE9F09F0075728E /* KeychainHelperTests.swift in Sources */ = {isa = PBXBuildFile; fileRef = 50B200D11CE9F09F0075728E /* KeychainHelperTests.swift */; };
		50B200D61CEA15F10075728E /* SendRequestViewController.xib in Resources */ = {isa = PBXBuildFile; fileRef = 50B200D51CEA15F10075728E /* SendRequestViewController.xib */; };
		50B200D81CEA16520075728E /* SendRequestTableViewDatasource.swift in Sources */ = {isa = PBXBuildFile; fileRef = 50B200D71CEA16520075728E /* SendRequestTableViewDatasource.swift */; };
		50B200DA1CEA17620075728E /* SemiBorderedTextField.swift in Sources */ = {isa = PBXBuildFile; fileRef = 50B200D91CEA17620075728E /* SemiBorderedTextField.swift */; };
		50B200DC1CEA23EC0075728E /* Butler Colors.clr in Resources */ = {isa = PBXBuildFile; fileRef = 50B200DB1CEA23EC0075728E /* Butler Colors.clr */; };
		56DC1E82B9949B67EC2C6B93 /* Pods_Butler.framework in Frameworks */ = {isa = PBXBuildFile; fileRef = 0C6DDE6AB44454F4D21058C0 /* Pods_Butler.framework */; };
		72A5F27C198D3C5318DD352B /* Pods_ButlerUITests.framework in Frameworks */ = {isa = PBXBuildFile; fileRef = 88D0569FC5CB9F8B3BC226B3 /* Pods_ButlerUITests.framework */; };
		7F20D47C67578EF6B51E9C85 /* Pods_ButlerTests.framework in Frameworks */ = {isa = PBXBuildFile; fileRef = 8E5561FAA381F42CD93F0CCF /* Pods_ButlerTests.framework */; };
/* End PBXBuildFile section */

/* Begin PBXContainerItemProxy section */
		5011E13D1CE9CD2600891FB1 /* PBXContainerItemProxy */ = {
			isa = PBXContainerItemProxy;
			containerPortal = 5011E11E1CE9CD2500891FB1 /* Project object */;
			proxyType = 1;
			remoteGlobalIDString = 5011E1251CE9CD2500891FB1;
			remoteInfo = Butler;
		};
		5011E1481CE9CD2600891FB1 /* PBXContainerItemProxy */ = {
			isa = PBXContainerItemProxy;
			containerPortal = 5011E11E1CE9CD2500891FB1 /* Project object */;
			proxyType = 1;
			remoteGlobalIDString = 5011E1251CE9CD2500891FB1;
			remoteInfo = Butler;
		};
/* End PBXContainerItemProxy section */

/* Begin PBXFileReference section */
		01C2307ACED2781FCBEA6E41 /* Pods-ButlerTests.debug.xcconfig */ = {isa = PBXFileReference; includeInIndex = 1; lastKnownFileType = text.xcconfig; name = "Pods-ButlerTests.debug.xcconfig"; path = "Pods/Target Support Files/Pods-ButlerTests/Pods-ButlerTests.debug.xcconfig"; sourceTree = "<group>"; };
		0C6DDE6AB44454F4D21058C0 /* Pods_Butler.framework */ = {isa = PBXFileReference; explicitFileType = wrapper.framework; includeInIndex = 0; path = Pods_Butler.framework; sourceTree = BUILT_PRODUCTS_DIR; };
		5011E1261CE9CD2500891FB1 /* Butler.app */ = {isa = PBXFileReference; explicitFileType = wrapper.application; includeInIndex = 0; path = Butler.app; sourceTree = BUILT_PRODUCTS_DIR; };
		5011E1291CE9CD2600891FB1 /* AppDelegate.swift */ = {isa = PBXFileReference; lastKnownFileType = sourcecode.swift; name = AppDelegate.swift; path = ButlerTests/AppDelegate.swift; sourceTree = SOURCE_ROOT; };
		5011E1301CE9CD2600891FB1 /* Base */ = {isa = PBXFileReference; lastKnownFileType = file.storyboard; name = Base; path = Base.lproj/Main.storyboard; sourceTree = "<group>"; };
		5011E1321CE9CD2600891FB1 /* Assets.xcassets */ = {isa = PBXFileReference; lastKnownFileType = folder.assetcatalog; path = Assets.xcassets; sourceTree = "<group>"; };
		5011E1351CE9CD2600891FB1 /* Base */ = {isa = PBXFileReference; lastKnownFileType = file.storyboard; name = Base; path = Base.lproj/LaunchScreen.storyboard; sourceTree = "<group>"; };
		5011E1371CE9CD2600891FB1 /* Info.plist */ = {isa = PBXFileReference; lastKnownFileType = text.plist.xml; path = Info.plist; sourceTree = "<group>"; };
		5011E13C1CE9CD2600891FB1 /* ButlerTests.xctest */ = {isa = PBXFileReference; explicitFileType = wrapper.cfbundle; includeInIndex = 0; path = ButlerTests.xctest; sourceTree = BUILT_PRODUCTS_DIR; };
		5011E1401CE9CD2600891FB1 /* ButlerTests.swift */ = {isa = PBXFileReference; lastKnownFileType = sourcecode.swift; path = ButlerTests.swift; sourceTree = "<group>"; };
		5011E1421CE9CD2600891FB1 /* Info.plist */ = {isa = PBXFileReference; lastKnownFileType = text.plist.xml; path = Info.plist; sourceTree = "<group>"; };
		5011E1471CE9CD2600891FB1 /* ButlerUITests.xctest */ = {isa = PBXFileReference; explicitFileType = wrapper.cfbundle; includeInIndex = 0; path = ButlerUITests.xctest; sourceTree = BUILT_PRODUCTS_DIR; };
		5011E14B1CE9CD2600891FB1 /* ButlerUITests.swift */ = {isa = PBXFileReference; lastKnownFileType = sourcecode.swift; path = ButlerUITests.swift; sourceTree = "<group>"; };
		5011E14D1CE9CD2600891FB1 /* Info.plist */ = {isa = PBXFileReference; lastKnownFileType = text.plist.xml; path = Info.plist; sourceTree = "<group>"; };
		5011E1591CE9CD3D00891FB1 /* ApplicationCoordinator.swift */ = {isa = PBXFileReference; fileEncoding = 4; lastKnownFileType = sourcecode.swift; path = ApplicationCoordinator.swift; sourceTree = "<group>"; };
		5011E15B1CE9CED100891FB1 /* TabCoordinator.swift */ = {isa = PBXFileReference; fileEncoding = 4; lastKnownFileType = sourcecode.swift; path = TabCoordinator.swift; sourceTree = "<group>"; };
		5011E15D1CE9CF5400891FB1 /* SendRequestTabCoordinator.swift */ = {isa = PBXFileReference; fileEncoding = 4; lastKnownFileType = sourcecode.swift; path = SendRequestTabCoordinator.swift; sourceTree = "<group>"; };
		5011E15F1CE9D06C00891FB1 /* SendRequestViewController.swift */ = {isa = PBXFileReference; fileEncoding = 4; lastKnownFileType = sourcecode.swift; path = SendRequestViewController.swift; sourceTree = "<group>"; };
		5011E1681CE9D61F00891FB1 /* R.generated.swift */ = {isa = PBXFileReference; fileEncoding = 4; lastKnownFileType = sourcecode.swift; path = R.generated.swift; sourceTree = "<group>"; };
		5081FCB31CEA609500BB7196 /* MultipleButtonSlider.swift */ = {isa = PBXFileReference; fileEncoding = 4; lastKnownFileType = sourcecode.swift; path = MultipleButtonSlider.swift; sourceTree = "<group>"; };
		50B200BF1CE9DA360075728E /* HistoryTabCoordinator.swift */ = {isa = PBXFileReference; fileEncoding = 4; lastKnownFileType = sourcecode.swift; path = HistoryTabCoordinator.swift; sourceTree = "<group>"; };
		50B200C11CE9DA450075728E /* FavouriteTabCoordinator.swift */ = {isa = PBXFileReference; fileEncoding = 4; lastKnownFileType = sourcecode.swift; path = FavouriteTabCoordinator.swift; sourceTree = "<group>"; };
		50B200C31CE9DC2A0075728E /* UITabBarItem+Butler.swift */ = {isa = PBXFileReference; fileEncoding = 4; lastKnownFileType = sourcecode.swift; path = "UITabBarItem+Butler.swift"; sourceTree = "<group>"; };
		50B200C51CE9DEFF0075728E /* FavouriteViewController.swift */ = {isa = PBXFileReference; fileEncoding = 4; lastKnownFileType = sourcecode.swift; path = FavouriteViewController.swift; sourceTree = "<group>"; };
		50B200C71CE9DF060075728E /* HistoryViewController.swift */ = {isa = PBXFileReference; fileEncoding = 4; lastKnownFileType = sourcecode.swift; path = HistoryViewController.swift; sourceTree = "<group>"; };
		50B200C91CE9DF450075728E /* Localizable.strings */ = {isa = PBXFileReference; fileEncoding = 4; lastKnownFileType = text.plist.strings; path = Localizable.strings; sourceTree = "<group>"; };
		50B200CD1CE9E3FE0075728E /* Request.swift */ = {isa = PBXFileReference; fileEncoding = 4; lastKnownFileType = sourcecode.swift; path = Request.swift; sourceTree = "<group>"; };
		50B200CF1CE9EDED0075728E /* KeychainHelper.swift */ = {isa = PBXFileReference; fileEncoding = 4; lastKnownFileType = sourcecode.swift; path = KeychainHelper.swift; sourceTree = "<group>"; };
		50B200D11CE9F09F0075728E /* KeychainHelperTests.swift */ = {isa = PBXFileReference; fileEncoding = 4; lastKnownFileType = sourcecode.swift; path = KeychainHelperTests.swift; sourceTree = "<group>"; };
		50B200D51CEA15F10075728E /* SendRequestViewController.xib */ = {isa = PBXFileReference; fileEncoding = 4; lastKnownFileType = file.xib; path = SendRequestViewController.xib; sourceTree = "<group>"; };
		50B200D71CEA16520075728E /* SendRequestTableViewDatasource.swift */ = {isa = PBXFileReference; fileEncoding = 4; lastKnownFileType = sourcecode.swift; path = SendRequestTableViewDatasource.swift; sourceTree = "<group>"; };
		50B200D91CEA17620075728E /* SemiBorderedTextField.swift */ = {isa = PBXFileReference; fileEncoding = 4; lastKnownFileType = sourcecode.swift; path = SemiBorderedTextField.swift; sourceTree = "<group>"; };
		50B200DB1CEA23EC0075728E /* Butler Colors.clr */ = {isa = PBXFileReference; lastKnownFileType = file; name = "Butler Colors.clr"; path = "../../../../Library/Colors/Butler Colors.clr"; sourceTree = "<group>"; };
		57A638AAD9F7B3C8D1745572 /* Pods-Butler.release.xcconfig */ = {isa = PBXFileReference; includeInIndex = 1; lastKnownFileType = text.xcconfig; name = "Pods-Butler.release.xcconfig"; path = "Pods/Target Support Files/Pods-Butler/Pods-Butler.release.xcconfig"; sourceTree = "<group>"; };
		5A106D5FFEDF758B00ADBDAA /* Pods-Butler.debug.xcconfig */ = {isa = PBXFileReference; includeInIndex = 1; lastKnownFileType = text.xcconfig; name = "Pods-Butler.debug.xcconfig"; path = "Pods/Target Support Files/Pods-Butler/Pods-Butler.debug.xcconfig"; sourceTree = "<group>"; };
		74A00021EE8D4C5BA369F159 /* Pods-ButlerTests.release.xcconfig */ = {isa = PBXFileReference; includeInIndex = 1; lastKnownFileType = text.xcconfig; name = "Pods-ButlerTests.release.xcconfig"; path = "Pods/Target Support Files/Pods-ButlerTests/Pods-ButlerTests.release.xcconfig"; sourceTree = "<group>"; };
		7963B12F71B6AD41C2D150AC /* Pods-ButlerUITests.release.xcconfig */ = {isa = PBXFileReference; includeInIndex = 1; lastKnownFileType = text.xcconfig; name = "Pods-ButlerUITests.release.xcconfig"; path = "Pods/Target Support Files/Pods-ButlerUITests/Pods-ButlerUITests.release.xcconfig"; sourceTree = "<group>"; };
		88D0569FC5CB9F8B3BC226B3 /* Pods_ButlerUITests.framework */ = {isa = PBXFileReference; explicitFileType = wrapper.framework; includeInIndex = 0; path = Pods_ButlerUITests.framework; sourceTree = BUILT_PRODUCTS_DIR; };
		8E5561FAA381F42CD93F0CCF /* Pods_ButlerTests.framework */ = {isa = PBXFileReference; explicitFileType = wrapper.framework; includeInIndex = 0; path = Pods_ButlerTests.framework; sourceTree = BUILT_PRODUCTS_DIR; };
		CC144010C6D72C5F372732CA /* Pods-ButlerUITests.debug.xcconfig */ = {isa = PBXFileReference; includeInIndex = 1; lastKnownFileType = text.xcconfig; name = "Pods-ButlerUITests.debug.xcconfig"; path = "Pods/Target Support Files/Pods-ButlerUITests/Pods-ButlerUITests.debug.xcconfig"; sourceTree = "<group>"; };
/* End PBXFileReference section */

/* Begin PBXFrameworksBuildPhase section */
		5011E1231CE9CD2500891FB1 /* Frameworks */ = {
			isa = PBXFrameworksBuildPhase;
			buildActionMask = 2147483647;
			files = (
				56DC1E82B9949B67EC2C6B93 /* Pods_Butler.framework in Frameworks */,
			);
			runOnlyForDeploymentPostprocessing = 0;
		};
		5011E1391CE9CD2600891FB1 /* Frameworks */ = {
			isa = PBXFrameworksBuildPhase;
			buildActionMask = 2147483647;
			files = (
				7F20D47C67578EF6B51E9C85 /* Pods_ButlerTests.framework in Frameworks */,
			);
			runOnlyForDeploymentPostprocessing = 0;
		};
		5011E1441CE9CD2600891FB1 /* Frameworks */ = {
			isa = PBXFrameworksBuildPhase;
			buildActionMask = 2147483647;
			files = (
				72A5F27C198D3C5318DD352B /* Pods_ButlerUITests.framework in Frameworks */,
			);
			runOnlyForDeploymentPostprocessing = 0;
		};
/* End PBXFrameworksBuildPhase section */

/* Begin PBXGroup section */
		5011E11D1CE9CD2500891FB1 = {
			isa = PBXGroup;
			children = (
				5011E1281CE9CD2600891FB1 /* Butler */,
				5011E13F1CE9CD2600891FB1 /* ButlerTests */,
				5011E14A1CE9CD2600891FB1 /* ButlerUITests */,
				FB6DC7F69FB3CE15CFA65014 /* Frameworks */,
				E3D683F9457F27CEADC2E3A1 /* Pods */,
				5011E1271CE9CD2500891FB1 /* Products */,
			);
			sourceTree = "<group>";
		};
		5011E1271CE9CD2500891FB1 /* Products */ = {
			isa = PBXGroup;
			children = (
				5011E1261CE9CD2500891FB1 /* Butler.app */,
				5011E13C1CE9CD2600891FB1 /* ButlerTests.xctest */,
				5011E1471CE9CD2600891FB1 /* ButlerUITests.xctest */,
			);
			name = Products;
			sourceTree = "<group>";
		};
		5011E1281CE9CD2600891FB1 /* Butler */ = {
			isa = PBXGroup;
			children = (
				50B200BA1CE9D9400075728E /* Resources */,
				50B200BE1CE9D9D20075728E /* Coordinators */,
				50B200CC1CE9E3C80075728E /* Models */,
				5011E15F1CE9D06C00891FB1 /* SendRequestViewController.swift */,
				50B200D51CEA15F10075728E /* SendRequestViewController.xib */,
				50B200D71CEA16520075728E /* SendRequestTableViewDatasource.swift */,
				5081FCB31CEA609500BB7196 /* MultipleButtonSlider.swift */,
				50B200D91CEA17620075728E /* SemiBorderedTextField.swift */,
				50B200CF1CE9EDED0075728E /* KeychainHelper.swift */,
				50B200C51CE9DEFF0075728E /* FavouriteViewController.swift */,
				50B200C71CE9DF060075728E /* HistoryViewController.swift */,
				50B200C31CE9DC2A0075728E /* UITabBarItem+Butler.swift */,
				5011E1291CE9CD2600891FB1 /* AppDelegate.swift */,
			);
			path = Butler;
			sourceTree = "<group>";
		};
		5011E13F1CE9CD2600891FB1 /* ButlerTests */ = {
			isa = PBXGroup;
			children = (
				5011E1401CE9CD2600891FB1 /* ButlerTests.swift */,
				50B200D11CE9F09F0075728E /* KeychainHelperTests.swift */,
				5011E1421CE9CD2600891FB1 /* Info.plist */,
			);
			path = ButlerTests;
			sourceTree = "<group>";
		};
		5011E14A1CE9CD2600891FB1 /* ButlerUITests */ = {
			isa = PBXGroup;
			children = (
				5011E14B1CE9CD2600891FB1 /* ButlerUITests.swift */,
				5011E14D1CE9CD2600891FB1 /* Info.plist */,
			);
			path = ButlerUITests;
			sourceTree = "<group>";
		};
		5011E16A1CE9D69A00891FB1 /* Generated Resource File */ = {
			isa = PBXGroup;
			children = (
				5011E1681CE9D61F00891FB1 /* R.generated.swift */,
			);
			path = "Generated Resource File";
			sourceTree = "<group>";
		};
		50B200BA1CE9D9400075728E /* Resources */ = {
			isa = PBXGroup;
			children = (
				5011E16A1CE9D69A00891FB1 /* Generated Resource File */,
				5011E1321CE9CD2600891FB1 /* Assets.xcassets */,
				5011E1371CE9CD2600891FB1 /* Info.plist */,
				50B200C91CE9DF450075728E /* Localizable.strings */,
				50B200DB1CEA23EC0075728E /* Butler Colors.clr */,
				5011E1341CE9CD2600891FB1 /* LaunchScreen.storyboard */,
				5011E12F1CE9CD2600891FB1 /* Main.storyboard */,
			);
			path = Resources;
			sourceTree = "<group>";
		};
		50B200BE1CE9D9D20075728E /* Coordinators */ = {
			isa = PBXGroup;
			children = (
				5011E1591CE9CD3D00891FB1 /* ApplicationCoordinator.swift */,
				5011E15B1CE9CED100891FB1 /* TabCoordinator.swift */,
				5011E15D1CE9CF5400891FB1 /* SendRequestTabCoordinator.swift */,
				50B200BF1CE9DA360075728E /* HistoryTabCoordinator.swift */,
				50B200C11CE9DA450075728E /* FavouriteTabCoordinator.swift */,
			);
			name = Coordinators;
			sourceTree = "<group>";
		};
		50B200CC1CE9E3C80075728E /* Models */ = {
			isa = PBXGroup;
			children = (
				50B200CD1CE9E3FE0075728E /* Request.swift */,
			);
			name = Models;
			sourceTree = "<group>";
		};
		E3D683F9457F27CEADC2E3A1 /* Pods */ = {
			isa = PBXGroup;
			children = (
				5A106D5FFEDF758B00ADBDAA /* Pods-Butler.debug.xcconfig */,
				57A638AAD9F7B3C8D1745572 /* Pods-Butler.release.xcconfig */,
				01C2307ACED2781FCBEA6E41 /* Pods-ButlerTests.debug.xcconfig */,
				74A00021EE8D4C5BA369F159 /* Pods-ButlerTests.release.xcconfig */,
				CC144010C6D72C5F372732CA /* Pods-ButlerUITests.debug.xcconfig */,
				7963B12F71B6AD41C2D150AC /* Pods-ButlerUITests.release.xcconfig */,
			);
			name = Pods;
			sourceTree = "<group>";
		};
		FB6DC7F69FB3CE15CFA65014 /* Frameworks */ = {
			isa = PBXGroup;
			children = (
				0C6DDE6AB44454F4D21058C0 /* Pods_Butler.framework */,
				8E5561FAA381F42CD93F0CCF /* Pods_ButlerTests.framework */,
				88D0569FC5CB9F8B3BC226B3 /* Pods_ButlerUITests.framework */,
			);
			name = Frameworks;
			sourceTree = "<group>";
		};
/* End PBXGroup section */

/* Begin PBXNativeTarget section */
		5011E1251CE9CD2500891FB1 /* Butler */ = {
			isa = PBXNativeTarget;
			buildConfigurationList = 5011E1501CE9CD2600891FB1 /* Build configuration list for PBXNativeTarget "Butler" */;
			buildPhases = (
				0590075E86DC1F1F41A7A0F3 /* 📦 Check Pods Manifest.lock */,
				5011E1611CE9D39600891FB1 /* 👘R.Swift Run Script */,
				5011E1221CE9CD2500891FB1 /* Sources */,
				5011E1231CE9CD2500891FB1 /* Frameworks */,
				5011E1241CE9CD2500891FB1 /* Resources */,
				38E6ED30B760A5B5DBB6D188 /* 📦 Embed Pods Frameworks */,
				2672BE5289492F17A99B1541 /* 📦 Copy Pods Resources */,
				50B200CB1CE9E2D20075728E /* Swiftlint */,
			);
			buildRules = (
			);
			dependencies = (
			);
			name = Butler;
			productName = Butler;
			productReference = 5011E1261CE9CD2500891FB1 /* Butler.app */;
			productType = "com.apple.product-type.application";
		};
		5011E13B1CE9CD2600891FB1 /* ButlerTests */ = {
			isa = PBXNativeTarget;
			buildConfigurationList = 5011E1531CE9CD2600891FB1 /* Build configuration list for PBXNativeTarget "ButlerTests" */;
			buildPhases = (
				83441948BDFB2269AC153908 /* 📦 Check Pods Manifest.lock */,
				5011E1381CE9CD2600891FB1 /* Sources */,
				5011E1391CE9CD2600891FB1 /* Frameworks */,
				5011E13A1CE9CD2600891FB1 /* Resources */,
				7AF6E37B2091A60867658A40 /* 📦 Embed Pods Frameworks */,
				B6BD59FD3C977626DB00543F /* 📦 Copy Pods Resources */,
			);
			buildRules = (
			);
			dependencies = (
				5011E13E1CE9CD2600891FB1 /* PBXTargetDependency */,
			);
			name = ButlerTests;
			productName = ButlerTests;
			productReference = 5011E13C1CE9CD2600891FB1 /* ButlerTests.xctest */;
			productType = "com.apple.product-type.bundle.unit-test";
		};
		5011E1461CE9CD2600891FB1 /* ButlerUITests */ = {
			isa = PBXNativeTarget;
			buildConfigurationList = 5011E1561CE9CD2600891FB1 /* Build configuration list for PBXNativeTarget "ButlerUITests" */;
			buildPhases = (
				D76138FFB5022C0331B6C0FB /* 📦 Check Pods Manifest.lock */,
				5011E1431CE9CD2600891FB1 /* Sources */,
				5011E1441CE9CD2600891FB1 /* Frameworks */,
				5011E1451CE9CD2600891FB1 /* Resources */,
				9C183E99A753393EF83655ED /* 📦 Copy Pods Resources */,
			);
			buildRules = (
			);
			dependencies = (
				5011E1491CE9CD2600891FB1 /* PBXTargetDependency */,
			);
			name = ButlerUITests;
			productName = ButlerUITests;
			productReference = 5011E1471CE9CD2600891FB1 /* ButlerUITests.xctest */;
			productType = "com.apple.product-type.bundle.ui-testing";
		};
/* End PBXNativeTarget section */

/* Begin PBXProject section */
		5011E11E1CE9CD2500891FB1 /* Project object */ = {
			isa = PBXProject;
			attributes = {
				LastSwiftUpdateCheck = 0730;
				LastUpgradeCheck = 0730;
				ORGANIZATIONNAME = "Max Kramer";
				TargetAttributes = {
					5011E1251CE9CD2500891FB1 = {
						CreatedOnToolsVersion = 7.3.1;
						DevelopmentTeam = DLYV32K844;
					};
					5011E13B1CE9CD2600891FB1 = {
						CreatedOnToolsVersion = 7.3.1;
						TestTargetID = 5011E1251CE9CD2500891FB1;
					};
					5011E1461CE9CD2600891FB1 = {
						CreatedOnToolsVersion = 7.3.1;
						TestTargetID = 5011E1251CE9CD2500891FB1;
					};
				};
			};
			buildConfigurationList = 5011E1211CE9CD2500891FB1 /* Build configuration list for PBXProject "Butler" */;
			compatibilityVersion = "Xcode 3.2";
			developmentRegion = English;
			hasScannedForEncodings = 0;
			knownRegions = (
				en,
				Base,
			);
			mainGroup = 5011E11D1CE9CD2500891FB1;
			productRefGroup = 5011E1271CE9CD2500891FB1 /* Products */;
			projectDirPath = "";
			projectRoot = "";
			targets = (
				5011E1251CE9CD2500891FB1 /* Butler */,
				5011E13B1CE9CD2600891FB1 /* ButlerTests */,
				5011E1461CE9CD2600891FB1 /* ButlerUITests */,
			);
		};
/* End PBXProject section */

/* Begin PBXResourcesBuildPhase section */
		5011E1241CE9CD2500891FB1 /* Resources */ = {
			isa = PBXResourcesBuildPhase;
			buildActionMask = 2147483647;
			files = (
				5011E1361CE9CD2600891FB1 /* LaunchScreen.storyboard in Resources */,
				50B200D61CEA15F10075728E /* SendRequestViewController.xib in Resources */,
				50B200DC1CEA23EC0075728E /* Butler Colors.clr in Resources */,
				50B200CA1CE9DF450075728E /* Localizable.strings in Resources */,
				5011E1331CE9CD2600891FB1 /* Assets.xcassets in Resources */,
				5011E1311CE9CD2600891FB1 /* Main.storyboard in Resources */,
			);
			runOnlyForDeploymentPostprocessing = 0;
		};
		5011E13A1CE9CD2600891FB1 /* Resources */ = {
			isa = PBXResourcesBuildPhase;
			buildActionMask = 2147483647;
			files = (
			);
			runOnlyForDeploymentPostprocessing = 0;
		};
		5011E1451CE9CD2600891FB1 /* Resources */ = {
			isa = PBXResourcesBuildPhase;
			buildActionMask = 2147483647;
			files = (
			);
			runOnlyForDeploymentPostprocessing = 0;
		};
/* End PBXResourcesBuildPhase section */

/* Begin PBXShellScriptBuildPhase section */
		0590075E86DC1F1F41A7A0F3 /* 📦 Check Pods Manifest.lock */ = {
			isa = PBXShellScriptBuildPhase;
			buildActionMask = 2147483647;
			files = (
			);
			inputPaths = (
			);
			name = "📦 Check Pods Manifest.lock";
			outputPaths = (
			);
			runOnlyForDeploymentPostprocessing = 0;
			shellPath = /bin/sh;
			shellScript = "diff \"${PODS_ROOT}/../Podfile.lock\" \"${PODS_ROOT}/Manifest.lock\" > /dev/null\nif [[ $? != 0 ]] ; then\n    cat << EOM\nerror: The sandbox is not in sync with the Podfile.lock. Run 'pod install' or update your CocoaPods installation.\nEOM\n    exit 1\nfi\n";
			showEnvVarsInLog = 0;
		};
		2672BE5289492F17A99B1541 /* 📦 Copy Pods Resources */ = {
			isa = PBXShellScriptBuildPhase;
			buildActionMask = 2147483647;
			files = (
			);
			inputPaths = (
			);
			name = "📦 Copy Pods Resources";
			outputPaths = (
			);
			runOnlyForDeploymentPostprocessing = 0;
			shellPath = /bin/sh;
			shellScript = "\"${SRCROOT}/Pods/Target Support Files/Pods-Butler/Pods-Butler-resources.sh\"\n";
			showEnvVarsInLog = 0;
		};
		38E6ED30B760A5B5DBB6D188 /* 📦 Embed Pods Frameworks */ = {
			isa = PBXShellScriptBuildPhase;
			buildActionMask = 2147483647;
			files = (
			);
			inputPaths = (
			);
			name = "📦 Embed Pods Frameworks";
			outputPaths = (
			);
			runOnlyForDeploymentPostprocessing = 0;
			shellPath = /bin/sh;
			shellScript = "\"${SRCROOT}/Pods/Target Support Files/Pods-Butler/Pods-Butler-frameworks.sh\"\n";
			showEnvVarsInLog = 0;
		};
		5011E1611CE9D39600891FB1 /* 👘R.Swift Run Script */ = {
			isa = PBXShellScriptBuildPhase;
			buildActionMask = 2147483647;
			files = (
			);
			inputPaths = (
			);
			name = "👘R.Swift Run Script";
			outputPaths = (
			);
			runOnlyForDeploymentPostprocessing = 0;
			shellPath = /bin/sh;
			shellScript = "\"$PODS_ROOT/R.swift/rswift\" \"$SRCROOT/Butler/Resources/Generated Resource File/\"";
		};
		50B200CB1CE9E2D20075728E /* Swiftlint */ = {
			isa = PBXShellScriptBuildPhase;
			buildActionMask = 2147483647;
			files = (
			);
			inputPaths = (
			);
			name = Swiftlint;
			outputPaths = (
			);
			runOnlyForDeploymentPostprocessing = 0;
			shellPath = /bin/sh;
			shellScript = "if which swiftlint >/dev/null; then\n    swiftlint\nelse\n    echo \"warning: SwiftLint not installed, download from https://github.com/realm/SwiftLint\"\nfi";
		};
		7AF6E37B2091A60867658A40 /* 📦 Embed Pods Frameworks */ = {
			isa = PBXShellScriptBuildPhase;
			buildActionMask = 2147483647;
			files = (
			);
			inputPaths = (
			);
			name = "📦 Embed Pods Frameworks";
			outputPaths = (
			);
			runOnlyForDeploymentPostprocessing = 0;
			shellPath = /bin/sh;
			shellScript = "\"${SRCROOT}/Pods/Target Support Files/Pods-ButlerTests/Pods-ButlerTests-frameworks.sh\"\n";
			showEnvVarsInLog = 0;
		};
		83441948BDFB2269AC153908 /* 📦 Check Pods Manifest.lock */ = {
			isa = PBXShellScriptBuildPhase;
			buildActionMask = 2147483647;
			files = (
			);
			inputPaths = (
			);
			name = "📦 Check Pods Manifest.lock";
			outputPaths = (
			);
			runOnlyForDeploymentPostprocessing = 0;
			shellPath = /bin/sh;
			shellScript = "diff \"${PODS_ROOT}/../Podfile.lock\" \"${PODS_ROOT}/Manifest.lock\" > /dev/null\nif [[ $? != 0 ]] ; then\n    cat << EOM\nerror: The sandbox is not in sync with the Podfile.lock. Run 'pod install' or update your CocoaPods installation.\nEOM\n    exit 1\nfi\n";
			showEnvVarsInLog = 0;
		};
		9C183E99A753393EF83655ED /* 📦 Copy Pods Resources */ = {
			isa = PBXShellScriptBuildPhase;
			buildActionMask = 2147483647;
			files = (
			);
			inputPaths = (
			);
			name = "📦 Copy Pods Resources";
			outputPaths = (
			);
			runOnlyForDeploymentPostprocessing = 0;
			shellPath = /bin/sh;
			shellScript = "\"${SRCROOT}/Pods/Target Support Files/Pods-ButlerUITests/Pods-ButlerUITests-resources.sh\"\n";
			showEnvVarsInLog = 0;
		};
		B6BD59FD3C977626DB00543F /* 📦 Copy Pods Resources */ = {
			isa = PBXShellScriptBuildPhase;
			buildActionMask = 2147483647;
			files = (
			);
			inputPaths = (
			);
			name = "📦 Copy Pods Resources";
			outputPaths = (
			);
			runOnlyForDeploymentPostprocessing = 0;
			shellPath = /bin/sh;
			shellScript = "\"${SRCROOT}/Pods/Target Support Files/Pods-ButlerTests/Pods-ButlerTests-resources.sh\"\n";
			showEnvVarsInLog = 0;
		};
		D76138FFB5022C0331B6C0FB /* 📦 Check Pods Manifest.lock */ = {
			isa = PBXShellScriptBuildPhase;
			buildActionMask = 2147483647;
			files = (
			);
			inputPaths = (
			);
			name = "📦 Check Pods Manifest.lock";
			outputPaths = (
			);
			runOnlyForDeploymentPostprocessing = 0;
			shellPath = /bin/sh;
			shellScript = "diff \"${PODS_ROOT}/../Podfile.lock\" \"${PODS_ROOT}/Manifest.lock\" > /dev/null\nif [[ $? != 0 ]] ; then\n    cat << EOM\nerror: The sandbox is not in sync with the Podfile.lock. Run 'pod install' or update your CocoaPods installation.\nEOM\n    exit 1\nfi\n";
			showEnvVarsInLog = 0;
		};
/* End PBXShellScriptBuildPhase section */

/* Begin PBXSourcesBuildPhase section */
		5011E1221CE9CD2500891FB1 /* Sources */ = {
			isa = PBXSourcesBuildPhase;
			buildActionMask = 2147483647;
			files = (
				5081FCB41CEA609500BB7196 /* MultipleButtonSlider.swift in Sources */,
				50B200C21CE9DA450075728E /* FavouriteTabCoordinator.swift in Sources */,
				50B200CE1CE9E3FE0075728E /* Request.swift in Sources */,
				5011E15E1CE9CF5400891FB1 /* SendRequestTabCoordinator.swift in Sources */,
				50B200C01CE9DA360075728E /* HistoryTabCoordinator.swift in Sources */,
				50B200D81CEA16520075728E /* SendRequestTableViewDatasource.swift in Sources */,
				5011E12A1CE9CD2600891FB1 /* AppDelegate.swift in Sources */,
				5011E1601CE9D06C00891FB1 /* SendRequestViewController.swift in Sources */,
				50B200C81CE9DF060075728E /* HistoryViewController.swift in Sources */,
				50B200C41CE9DC2A0075728E /* UITabBarItem+Butler.swift in Sources */,
				50B200D01CE9EDED0075728E /* KeychainHelper.swift in Sources */,
				5011E15C1CE9CED100891FB1 /* TabCoordinator.swift in Sources */,
				50B200DA1CEA17620075728E /* SemiBorderedTextField.swift in Sources */,
				5011E15A1CE9CD3D00891FB1 /* ApplicationCoordinator.swift in Sources */,
				50B200C61CE9DEFF0075728E /* FavouriteViewController.swift in Sources */,
				50B200BD1CE9D9C20075728E /* R.generated.swift in Sources */,
			);
			runOnlyForDeploymentPostprocessing = 0;
		};
		5011E1381CE9CD2600891FB1 /* Sources */ = {
			isa = PBXSourcesBuildPhase;
			buildActionMask = 2147483647;
			files = (
				5011E1411CE9CD2600891FB1 /* ButlerTests.swift in Sources */,
				50B200D21CE9F09F0075728E /* KeychainHelperTests.swift in Sources */,
			);
			runOnlyForDeploymentPostprocessing = 0;
		};
		5011E1431CE9CD2600891FB1 /* Sources */ = {
			isa = PBXSourcesBuildPhase;
			buildActionMask = 2147483647;
			files = (
				5011E14C1CE9CD2600891FB1 /* ButlerUITests.swift in Sources */,
			);
			runOnlyForDeploymentPostprocessing = 0;
		};
/* End PBXSourcesBuildPhase section */

/* Begin PBXTargetDependency section */
		5011E13E1CE9CD2600891FB1 /* PBXTargetDependency */ = {
			isa = PBXTargetDependency;
			target = 5011E1251CE9CD2500891FB1 /* Butler */;
			targetProxy = 5011E13D1CE9CD2600891FB1 /* PBXContainerItemProxy */;
		};
		5011E1491CE9CD2600891FB1 /* PBXTargetDependency */ = {
			isa = PBXTargetDependency;
			target = 5011E1251CE9CD2500891FB1 /* Butler */;
			targetProxy = 5011E1481CE9CD2600891FB1 /* PBXContainerItemProxy */;
		};
/* End PBXTargetDependency section */

/* Begin PBXVariantGroup section */
		5011E12F1CE9CD2600891FB1 /* Main.storyboard */ = {
			isa = PBXVariantGroup;
			children = (
				5011E1301CE9CD2600891FB1 /* Base */,
			);
			name = Main.storyboard;
			path = .;
			sourceTree = "<group>";
		};
		5011E1341CE9CD2600891FB1 /* LaunchScreen.storyboard */ = {
			isa = PBXVariantGroup;
			children = (
				5011E1351CE9CD2600891FB1 /* Base */,
			);
			name = LaunchScreen.storyboard;
			path = .;
			sourceTree = "<group>";
		};
/* End PBXVariantGroup section */

/* Begin XCBuildConfiguration section */
		5011E14E1CE9CD2600891FB1 /* Debug */ = {
			isa = XCBuildConfiguration;
			buildSettings = {
				ALWAYS_SEARCH_USER_PATHS = NO;
				CLANG_ANALYZER_NONNULL = YES;
				CLANG_CXX_LANGUAGE_STANDARD = "gnu++0x";
				CLANG_CXX_LIBRARY = "libc++";
				CLANG_ENABLE_MODULES = YES;
				CLANG_ENABLE_OBJC_ARC = YES;
				CLANG_WARN_BOOL_CONVERSION = YES;
				CLANG_WARN_CONSTANT_CONVERSION = YES;
				CLANG_WARN_DIRECT_OBJC_ISA_USAGE = YES_ERROR;
				CLANG_WARN_EMPTY_BODY = YES;
				CLANG_WARN_ENUM_CONVERSION = YES;
				CLANG_WARN_INT_CONVERSION = YES;
				CLANG_WARN_OBJC_ROOT_CLASS = YES_ERROR;
				CLANG_WARN_UNREACHABLE_CODE = YES;
				CLANG_WARN__DUPLICATE_METHOD_MATCH = YES;
				"CODE_SIGN_IDENTITY[sdk=iphoneos*]" = "iPhone Developer";
				COPY_PHASE_STRIP = NO;
				DEBUG_INFORMATION_FORMAT = dwarf;
				ENABLE_STRICT_OBJC_MSGSEND = YES;
				ENABLE_TESTABILITY = YES;
				GCC_C_LANGUAGE_STANDARD = gnu99;
				GCC_DYNAMIC_NO_PIC = NO;
				GCC_NO_COMMON_BLOCKS = YES;
				GCC_OPTIMIZATION_LEVEL = 0;
				GCC_PREPROCESSOR_DEFINITIONS = (
					"DEBUG=1",
					"$(inherited)",
				);
				GCC_WARN_64_TO_32_BIT_CONVERSION = YES;
				GCC_WARN_ABOUT_RETURN_TYPE = YES_ERROR;
				GCC_WARN_UNDECLARED_SELECTOR = YES;
				GCC_WARN_UNINITIALIZED_AUTOS = YES_AGGRESSIVE;
				GCC_WARN_UNUSED_FUNCTION = YES;
				GCC_WARN_UNUSED_VARIABLE = YES;
				IPHONEOS_DEPLOYMENT_TARGET = 9.3;
				MTL_ENABLE_DEBUG_INFO = YES;
				ONLY_ACTIVE_ARCH = YES;
				SDKROOT = iphoneos;
				SWIFT_OPTIMIZATION_LEVEL = "-Onone";
			};
			name = Debug;
		};
		5011E14F1CE9CD2600891FB1 /* Release */ = {
			isa = XCBuildConfiguration;
			buildSettings = {
				ALWAYS_SEARCH_USER_PATHS = NO;
				CLANG_ANALYZER_NONNULL = YES;
				CLANG_CXX_LANGUAGE_STANDARD = "gnu++0x";
				CLANG_CXX_LIBRARY = "libc++";
				CLANG_ENABLE_MODULES = YES;
				CLANG_ENABLE_OBJC_ARC = YES;
				CLANG_WARN_BOOL_CONVERSION = YES;
				CLANG_WARN_CONSTANT_CONVERSION = YES;
				CLANG_WARN_DIRECT_OBJC_ISA_USAGE = YES_ERROR;
				CLANG_WARN_EMPTY_BODY = YES;
				CLANG_WARN_ENUM_CONVERSION = YES;
				CLANG_WARN_INT_CONVERSION = YES;
				CLANG_WARN_OBJC_ROOT_CLASS = YES_ERROR;
				CLANG_WARN_UNREACHABLE_CODE = YES;
				CLANG_WARN__DUPLICATE_METHOD_MATCH = YES;
				"CODE_SIGN_IDENTITY[sdk=iphoneos*]" = "iPhone Developer";
				COPY_PHASE_STRIP = NO;
				DEBUG_INFORMATION_FORMAT = "dwarf-with-dsym";
				ENABLE_NS_ASSERTIONS = NO;
				ENABLE_STRICT_OBJC_MSGSEND = YES;
				GCC_C_LANGUAGE_STANDARD = gnu99;
				GCC_NO_COMMON_BLOCKS = YES;
				GCC_WARN_64_TO_32_BIT_CONVERSION = YES;
				GCC_WARN_ABOUT_RETURN_TYPE = YES_ERROR;
				GCC_WARN_UNDECLARED_SELECTOR = YES;
				GCC_WARN_UNINITIALIZED_AUTOS = YES_AGGRESSIVE;
				GCC_WARN_UNUSED_FUNCTION = YES;
				GCC_WARN_UNUSED_VARIABLE = YES;
				IPHONEOS_DEPLOYMENT_TARGET = 9.3;
				MTL_ENABLE_DEBUG_INFO = NO;
				SDKROOT = iphoneos;
				VALIDATE_PRODUCT = YES;
			};
			name = Release;
		};
		5011E1511CE9CD2600891FB1 /* Debug */ = {
			isa = XCBuildConfiguration;
			baseConfigurationReference = 5A106D5FFEDF758B00ADBDAA /* Pods-Butler.debug.xcconfig */;
			buildSettings = {
				ASSETCATALOG_COMPILER_APPICON_NAME = AppIcon;
				CODE_SIGN_IDENTITY = "iPhone Developer";
				INFOPLIST_FILE = Butler/Resources/Info.plist;
				IPHONEOS_DEPLOYMENT_TARGET = 9.0;
				LD_RUNPATH_SEARCH_PATHS = "$(inherited) @executable_path/Frameworks";
				PRODUCT_BUNDLE_IDENTIFIER = com.maxkramer.apirequester;
				PRODUCT_NAME = "$(TARGET_NAME)";
			};
			name = Debug;
		};
		5011E1521CE9CD2600891FB1 /* Release */ = {
			isa = XCBuildConfiguration;
			baseConfigurationReference = 57A638AAD9F7B3C8D1745572 /* Pods-Butler.release.xcconfig */;
			buildSettings = {
				ASSETCATALOG_COMPILER_APPICON_NAME = AppIcon;
				CODE_SIGN_IDENTITY = "iPhone Distribution";
				INFOPLIST_FILE = Butler/Resources/Info.plist;
				IPHONEOS_DEPLOYMENT_TARGET = 9.0;
				LD_RUNPATH_SEARCH_PATHS = "$(inherited) @executable_path/Frameworks";
				PRODUCT_BUNDLE_IDENTIFIER = com.maxkramer.apirequester;
				PRODUCT_NAME = "$(TARGET_NAME)";
			};
			name = Release;
		};
		5011E1541CE9CD2600891FB1 /* Debug */ = {
			isa = XCBuildConfiguration;
			baseConfigurationReference = 01C2307ACED2781FCBEA6E41 /* Pods-ButlerTests.debug.xcconfig */;
			buildSettings = {
				BUNDLE_LOADER = "$(TEST_HOST)";
				INFOPLIST_FILE = ButlerTests/Info.plist;
				LD_RUNPATH_SEARCH_PATHS = "$(inherited) @executable_path/Frameworks @loader_path/Frameworks";
				PRODUCT_BUNDLE_IDENTIFIER = co.reactivefusion.ButlerTests;
				PRODUCT_NAME = "$(TARGET_NAME)";
				TEST_HOST = "$(BUILT_PRODUCTS_DIR)/Butler.app/Butler";
			};
			name = Debug;
		};
		5011E1551CE9CD2600891FB1 /* Release */ = {
			isa = XCBuildConfiguration;
			baseConfigurationReference = 74A00021EE8D4C5BA369F159 /* Pods-ButlerTests.release.xcconfig */;
			buildSettings = {
				BUNDLE_LOADER = "$(TEST_HOST)";
				INFOPLIST_FILE = ButlerTests/Info.plist;
				LD_RUNPATH_SEARCH_PATHS = "$(inherited) @executable_path/Frameworks @loader_path/Frameworks";
				PRODUCT_BUNDLE_IDENTIFIER = co.reactivefusion.ButlerTests;
				PRODUCT_NAME = "$(TARGET_NAME)";
				TEST_HOST = "$(BUILT_PRODUCTS_DIR)/Butler.app/Butler";
			};
			name = Release;
		};
		5011E1571CE9CD2600891FB1 /* Debug */ = {
			isa = XCBuildConfiguration;
			baseConfigurationReference = CC144010C6D72C5F372732CA /* Pods-ButlerUITests.debug.xcconfig */;
			buildSettings = {
				INFOPLIST_FILE = ButlerUITests/Info.plist;
				LD_RUNPATH_SEARCH_PATHS = "$(inherited) @executable_path/Frameworks @loader_path/Frameworks";
				PRODUCT_BUNDLE_IDENTIFIER = co.reactivefusion.ButlerUITests;
				PRODUCT_NAME = "$(TARGET_NAME)";
				TEST_TARGET_NAME = Butler;
			};
			name = Debug;
		};
		5011E1581CE9CD2600891FB1 /* Release */ = {
			isa = XCBuildConfiguration;
			baseConfigurationReference = 7963B12F71B6AD41C2D150AC /* Pods-ButlerUITests.release.xcconfig */;
			buildSettings = {
				INFOPLIST_FILE = ButlerUITests/Info.plist;
				LD_RUNPATH_SEARCH_PATHS = "$(inherited) @executable_path/Frameworks @loader_path/Frameworks";
				PRODUCT_BUNDLE_IDENTIFIER = co.reactivefusion.ButlerUITests;
				PRODUCT_NAME = "$(TARGET_NAME)";
				TEST_TARGET_NAME = Butler;
			};
			name = Release;
		};
/* End XCBuildConfiguration section */

/* Begin XCConfigurationList section */
		5011E1211CE9CD2500891FB1 /* Build configuration list for PBXProject "Butler" */ = {
			isa = XCConfigurationList;
			buildConfigurations = (
				5011E14E1CE9CD2600891FB1 /* Debug */,
				5011E14F1CE9CD2600891FB1 /* Release */,
			);
			defaultConfigurationIsVisible = 0;
			defaultConfigurationName = Release;
		};
		5011E1501CE9CD2600891FB1 /* Build configuration list for PBXNativeTarget "Butler" */ = {
			isa = XCConfigurationList;
			buildConfigurations = (
				5011E1511CE9CD2600891FB1 /* Debug */,
				5011E1521CE9CD2600891FB1 /* Release */,
			);
			defaultConfigurationIsVisible = 0;
			defaultConfigurationName = Release;
		};
		5011E1531CE9CD2600891FB1 /* Build configuration list for PBXNativeTarget "ButlerTests" */ = {
			isa = XCConfigurationList;
			buildConfigurations = (
				5011E1541CE9CD2600891FB1 /* Debug */,
				5011E1551CE9CD2600891FB1 /* Release */,
			);
			defaultConfigurationIsVisible = 0;
			defaultConfigurationName = Release;
		};
		5011E1561CE9CD2600891FB1 /* Build configuration list for PBXNativeTarget "ButlerUITests" */ = {
			isa = XCConfigurationList;
			buildConfigurations = (
				5011E1571CE9CD2600891FB1 /* Debug */,
				5011E1581CE9CD2600891FB1 /* Release */,
			);
			defaultConfigurationIsVisible = 0;
			defaultConfigurationName = Release;
		};
/* End XCConfigurationList section */
	};
	rootObject = 5011E11E1CE9CD2500891FB1 /* Project object */;
}
